
Microsoft Visual Studio Solution File, Format Version 12.00
# Visual Studio Version 17
VisualStudioVersion = 17.2.32630.192
MinimumVisualStudioVersion = 10.0.40219.1
Project("{9A19103F-16F7-4668-BE54-9A1E7A4F7556}") = "API", "Api\API.csproj", "{20A9A316-70AB-4041-A22E-5BB7D431E64B}"
EndProject
Project("{2150E333-8FDC-42A3-9474-1A3956D46DE8}") = "src", "src", "{DBEBC527-8FF4-4A75-87E6-626EC93BBAE7}"
EndProject
Project("{2150E333-8FDC-42A3-9474-1A3956D46DE8}") = "test", "test", "{05786943-ADEE-4227-BB89-C01B85604B60}"
	ProjectSection(SolutionItems) = preProject
		README.txt = README.txt
	EndProjectSection
EndProject
Project("{9A19103F-16F7-4668-BE54-9A1E7A4F7556}") = "Application", "Core\Application.csproj", "{19C66986-6C33-43AE-B1CB-B3512089FDB8}"
EndProject
Project("{9A19103F-16F7-4668-BE54-9A1E7A4F7556}") = "Infrastructure", "Infrastructure\Infrastructure.csproj", "{E226AAC2-8249-407C-8540-83AA0A3534B7}"
EndProject
Project("{9A19103F-16F7-4668-BE54-9A1E7A4F7556}") = "Logger", "Logger\Logger.csproj", "{583E9F93-B72B-4F04-AD63-5E59ECFA959E}"
EndProject
Project("{9A19103F-16F7-4668-BE54-9A1E7A4F7556}") = "Domain", "Domain\Domain.csproj", "{1D92EEE2-8679-4E71-9115-573890C2553A}"
EndProject
Project("{2150E333-8FDC-42A3-9474-1A3956D46DE8}") = "console", "console", "{A887C3B8-C192-44B9-9C1C-D2C7A5ED72B4}"
EndProject
Project("{9A19103F-16F7-4668-BE54-9A1E7A4F7556}") = "FindDeplucateLines", "FindDeplucateLines\FindDeplucateLines.csproj", "{DA7384B8-4539-422B-82B3-058B2B7C7C6E}"
EndProject
Project("{2150E333-8FDC-42A3-9474-1A3956D46DE8}") = "Demo", "Demo", "{EEED612E-9345-4256-BF63-A3061A4814C2}"
EndProject
Project("{9A19103F-16F7-4668-BE54-9A1E7A4F7556}") = "Middleware", "Middleware\Middleware.csproj", "{91D1F152-5720-49FA-A563-39FB85A0FBD0}"
EndProject
Project("{2150E333-8FDC-42A3-9474-1A3956D46DE8}") = "sql", "sql", "{FFA827BA-6539-45DB-94A2-6511E23DBC19}"
EndProject
Project("{2150E333-8FDC-42A3-9474-1A3956D46DE8}") = "docs", "docs", "{118A616E-D30F-437B-812B-DF7EE2F942EA}"
EndProject
Project("{9A19103F-16F7-4668-BE54-9A1E7A4F7556}") = "PERMISSIONSFW", "PERMISSIONSFW\PERMISSIONSFW.csproj", "{F33EE7B2-4BB2-424C-BE3E-CCFC81642184}"
EndProject
Project("{2150E333-8FDC-42A3-9474-1A3956D46DE8}") = "Libraries", "Libraries", "{37466D99-C669-4B49-88B0-1F4698C07C17}"
EndProject
Project("{9A19103F-16F7-4668-BE54-9A1E7A4F7556}") = "MailingFB", "MailingFB\MailingFB.csproj", "{7B45E1EE-BEBD-492B-B707-AD404F2F0AA3}"
EndProject
Project("{9A19103F-16F7-4668-BE54-9A1E7A4F7556}") = "LogFW", "LogFW\LogFW.csproj", "{AA291754-C9EC-42F7-AE00-A8845657E478}"
EndProject
Project("{2150E333-8FDC-42A3-9474-1A3956D46DE8}") = "BackgroundJobs", "BackgroundJobs", "{9A7ED417-50B4-4EC2-B694-B7B1D2B37DE0}"
	ProjectSection(SolutionItems) = preProject
		README_Worker.txt = README_Worker.txt
	EndProjectSection
EndProject
Project("{9A19103F-16F7-4668-BE54-9A1E7A4F7556}") = "WorkerServiceWithQuartz", "WorkerServiceWithQuartz\WorkerServiceWithQuartz.csproj", "{D7BC96A3-2586-4DC0-ADA4-95AC09491CA1}"
EndProject
Project("{9A19103F-16F7-4668-BE54-9A1E7A4F7556}") = "Application.Test", "Application.Test\Application.Test.csproj", "{2A7D2E72-F836-47CF-BCA1-FD436F9E1315}"
EndProject
Project("{9A19103F-16F7-4668-BE54-9A1E7A4F7556}") = "API.Test", "API.Test\API.Test.csproj", "{D538917B-3304-4021-977D-DCC780FD111E}"
EndProject
Project("{9A19103F-16F7-4668-BE54-9A1E7A4F7556}") = "API6", "API6\API6.csproj", "{444CA456-937A-44AF-8053-3171D09D2AFD}"
EndProject
Project("{2150E333-8FDC-42A3-9474-1A3956D46DE8}") = "Éléments de solution", "Éléments de solution", "{D3011A00-6E7F-494E-886D-F2A4B13DB4C2}"
	ProjectSection(SolutionItems) = preProject
		ROADMAP.txt = ROADMAP.txt
	EndProjectSection
EndProject
Global
	GlobalSection(SolutionConfigurationPlatforms) = preSolution
		Debug|Any CPU = Debug|Any CPU
		Release|Any CPU = Release|Any CPU
	EndGlobalSection
	GlobalSection(ProjectConfigurationPlatforms) = postSolution
		{20A9A316-70AB-4041-A22E-5BB7D431E64B}.Debug|Any CPU.ActiveCfg = Debug|Any CPU
		{20A9A316-70AB-4041-A22E-5BB7D431E64B}.Debug|Any CPU.Build.0 = Debug|Any CPU
		{20A9A316-70AB-4041-A22E-5BB7D431E64B}.Release|Any CPU.ActiveCfg = Release|Any CPU
		{20A9A316-70AB-4041-A22E-5BB7D431E64B}.Release|Any CPU.Build.0 = Release|Any CPU
		{19C66986-6C33-43AE-B1CB-B3512089FDB8}.Debug|Any CPU.ActiveCfg = Debug|Any CPU
		{19C66986-6C33-43AE-B1CB-B3512089FDB8}.Debug|Any CPU.Build.0 = Debug|Any CPU
		{19C66986-6C33-43AE-B1CB-B3512089FDB8}.Release|Any CPU.ActiveCfg = Release|Any CPU
		{19C66986-6C33-43AE-B1CB-B3512089FDB8}.Release|Any CPU.Build.0 = Release|Any CPU
		{E226AAC2-8249-407C-8540-83AA0A3534B7}.Debug|Any CPU.ActiveCfg = Debug|Any CPU
		{E226AAC2-8249-407C-8540-83AA0A3534B7}.Debug|Any CPU.Build.0 = Debug|Any CPU
		{E226AAC2-8249-407C-8540-83AA0A3534B7}.Release|Any CPU.ActiveCfg = Release|Any CPU
		{E226AAC2-8249-407C-8540-83AA0A3534B7}.Release|Any CPU.Build.0 = Release|Any CPU
		{583E9F93-B72B-4F04-AD63-5E59ECFA959E}.Debug|Any CPU.ActiveCfg = Debug|Any CPU
		{583E9F93-B72B-4F04-AD63-5E59ECFA959E}.Debug|Any CPU.Build.0 = Debug|Any CPU
		{583E9F93-B72B-4F04-AD63-5E59ECFA959E}.Release|Any CPU.ActiveCfg = Release|Any CPU
		{583E9F93-B72B-4F04-AD63-5E59ECFA959E}.Release|Any CPU.Build.0 = Release|Any CPU
		{1D92EEE2-8679-4E71-9115-573890C2553A}.Debug|Any CPU.ActiveCfg = Debug|Any CPU
		{1D92EEE2-8679-4E71-9115-573890C2553A}.Debug|Any CPU.Build.0 = Debug|Any CPU
		{1D92EEE2-8679-4E71-9115-573890C2553A}.Release|Any CPU.ActiveCfg = Release|Any CPU
		{1D92EEE2-8679-4E71-9115-573890C2553A}.Release|Any CPU.Build.0 = Release|Any CPU
		{DA7384B8-4539-422B-82B3-058B2B7C7C6E}.Debug|Any CPU.ActiveCfg = Debug|Any CPU
		{DA7384B8-4539-422B-82B3-058B2B7C7C6E}.Debug|Any CPU.Build.0 = Debug|Any CPU
		{DA7384B8-4539-422B-82B3-058B2B7C7C6E}.Release|Any CPU.ActiveCfg = Release|Any CPU
		{DA7384B8-4539-422B-82B3-058B2B7C7C6E}.Release|Any CPU.Build.0 = Release|Any CPU
		{91D1F152-5720-49FA-A563-39FB85A0FBD0}.Debug|Any CPU.ActiveCfg = Debug|Any CPU
		{91D1F152-5720-49FA-A563-39FB85A0FBD0}.Debug|Any CPU.Build.0 = Debug|Any CPU
		{91D1F152-5720-49FA-A563-39FB85A0FBD0}.Release|Any CPU.ActiveCfg = Release|Any CPU
		{91D1F152-5720-49FA-A563-39FB85A0FBD0}.Release|Any CPU.Build.0 = Release|Any CPU
		{F33EE7B2-4BB2-424C-BE3E-CCFC81642184}.Debug|Any CPU.ActiveCfg = Debug|Any CPU
		{F33EE7B2-4BB2-424C-BE3E-CCFC81642184}.Debug|Any CPU.Build.0 = Debug|Any CPU
		{F33EE7B2-4BB2-424C-BE3E-CCFC81642184}.Release|Any CPU.ActiveCfg = Release|Any CPU
		{F33EE7B2-4BB2-424C-BE3E-CCFC81642184}.Release|Any CPU.Build.0 = Release|Any CPU
		{7B45E1EE-BEBD-492B-B707-AD404F2F0AA3}.Debug|Any CPU.ActiveCfg = Debug|Any CPU
		{7B45E1EE-BEBD-492B-B707-AD404F2F0AA3}.Debug|Any CPU.Build.0 = Debug|Any CPU
		{7B45E1EE-BEBD-492B-B707-AD404F2F0AA3}.Release|Any CPU.ActiveCfg = Release|Any CPU
		{7B45E1EE-BEBD-492B-B707-AD404F2F0AA3}.Release|Any CPU.Build.0 = Release|Any CPU
		{AA291754-C9EC-42F7-AE00-A8845657E478}.Debug|Any CPU.ActiveCfg = Debug|Any CPU
		{AA291754-C9EC-42F7-AE00-A8845657E478}.Debug|Any CPU.Build.0 = Debug|Any CPU
		{AA291754-C9EC-42F7-AE00-A8845657E478}.Release|Any CPU.ActiveCfg = Release|Any CPU
		{AA291754-C9EC-42F7-AE00-A8845657E478}.Release|Any CPU.Build.0 = Release|Any CPU
		{D7BC96A3-2586-4DC0-ADA4-95AC09491CA1}.Debug|Any CPU.ActiveCfg = Debug|Any CPU
		{D7BC96A3-2586-4DC0-ADA4-95AC09491CA1}.Debug|Any CPU.Build.0 = Debug|Any CPU
		{D7BC96A3-2586-4DC0-ADA4-95AC09491CA1}.Release|Any CPU.ActiveCfg = Release|Any CPU
		{D7BC96A3-2586-4DC0-ADA4-95AC09491CA1}.Release|Any CPU.Build.0 = Release|Any CPU
		{2A7D2E72-F836-47CF-BCA1-FD436F9E1315}.Debug|Any CPU.ActiveCfg = Debug|Any CPU
		{2A7D2E72-F836-47CF-BCA1-FD436F9E1315}.Debug|Any CPU.Build.0 = Debug|Any CPU
		{2A7D2E72-F836-47CF-BCA1-FD436F9E1315}.Release|Any CPU.ActiveCfg = Release|Any CPU
		{2A7D2E72-F836-47CF-BCA1-FD436F9E1315}.Release|Any CPU.Build.0 = Release|Any CPU
		{D538917B-3304-4021-977D-DCC780FD111E}.Debug|Any CPU.ActiveCfg = Debug|Any CPU
		{D538917B-3304-4021-977D-DCC780FD111E}.Debug|Any CPU.Build.0 = Debug|Any CPU
		{D538917B-3304-4021-977D-DCC780FD111E}.Release|Any CPU.ActiveCfg = Release|Any CPU
		{D538917B-3304-4021-977D-DCC780FD111E}.Release|Any CPU.Build.0 = Release|Any CPU
		{444CA456-937A-44AF-8053-3171D09D2AFD}.Debug|Any CPU.ActiveCfg = Debug|Any CPU
		{444CA456-937A-44AF-8053-3171D09D2AFD}.Debug|Any CPU.Build.0 = Debug|Any CPU
		{444CA456-937A-44AF-8053-3171D09D2AFD}.Release|Any CPU.ActiveCfg = Release|Any CPU
		{444CA456-937A-44AF-8053-3171D09D2AFD}.Release|Any CPU.Build.0 = Release|Any CPU
	EndGlobalSection
	GlobalSection(SolutionProperties) = preSolution
		HideSolutionNode = FALSE
	EndGlobalSection
	GlobalSection(NestedProjects) = preSolution
		{20A9A316-70AB-4041-A22E-5BB7D431E64B} = {DBEBC527-8FF4-4A75-87E6-626EC93BBAE7}
		{19C66986-6C33-43AE-B1CB-B3512089FDB8} = {DBEBC527-8FF4-4A75-87E6-626EC93BBAE7}
		{E226AAC2-8249-407C-8540-83AA0A3534B7} = {DBEBC527-8FF4-4A75-87E6-626EC93BBAE7}
		{583E9F93-B72B-4F04-AD63-5E59ECFA959E} = {DBEBC527-8FF4-4A75-87E6-626EC93BBAE7}
		{1D92EEE2-8679-4E71-9115-573890C2553A} = {DBEBC527-8FF4-4A75-87E6-626EC93BBAE7}
		{DA7384B8-4539-422B-82B3-058B2B7C7C6E} = {A887C3B8-C192-44B9-9C1C-D2C7A5ED72B4}
		{91D1F152-5720-49FA-A563-39FB85A0FBD0} = {EEED612E-9345-4256-BF63-A3061A4814C2}
		{F33EE7B2-4BB2-424C-BE3E-CCFC81642184} = {37466D99-C669-4B49-88B0-1F4698C07C17}
		{7B45E1EE-BEBD-492B-B707-AD404F2F0AA3} = {37466D99-C669-4B49-88B0-1F4698C07C17}
		{AA291754-C9EC-42F7-AE00-A8845657E478} = {37466D99-C669-4B49-88B0-1F4698C07C17}
		{D7BC96A3-2586-4DC0-ADA4-95AC09491CA1} = {9A7ED417-50B4-4EC2-B694-B7B1D2B37DE0}
		{2A7D2E72-F836-47CF-BCA1-FD436F9E1315} = {05786943-ADEE-4227-BB89-C01B85604B60}
		{D538917B-3304-4021-977D-DCC780FD111E} = {05786943-ADEE-4227-BB89-C01B85604B60}
		{444CA456-937A-44AF-8053-3171D09D2AFD} = {DBEBC527-8FF4-4A75-87E6-626EC93BBAE7}
	EndGlobalSection
	GlobalSection(ExtensibilityGlobals) = postSolution
		SolutionGuid = {AAF4E269-4CA3-4246-9F08-B4F85BA35924}
	EndGlobalSection
EndGlobal
